
Microsoft Visual Studio Solution File, Format Version 12.00
# Visual Studio Version 16
VisualStudioVersion = 16.0.29418.71
MinimumVisualStudioVersion = 10.0.40219.1
Project("{FAE04EC0-301F-11D3-BF4B-00C04F79EFBC}") = "b2b", "kcbbankb2bapi\b2b.csproj", "{03D002BF-3B04-4592-8B3D-A18D6315BA90}"
EndProject
Global
	GlobalSection(SolutionConfigurationPlatforms) = preSolution
		Debug|Any CPU = Debug|Any CPU
		Release|Any CPU = Release|Any CPU
	EndGlobalSection
	GlobalSection(ProjectConfigurationPlatforms) = postSolution
		{03D002BF-3B04-4592-8B3D-A18D6315BA90}.Debug|Any CPU.ActiveCfg = Debug|Any CPU
		{03D002BF-3B04-4592-8B3D-A18D6315BA90}.Debug|Any CPU.Build.0 = Debug|Any CPU
		{03D002BF-3B04-4592-8B3D-A18D6315BA90}.Release|Any CPU.ActiveCfg = Release|Any CPU
		{03D002BF-3B04-4592-8B3D-A18D6315BA90}.Release|Any CPU.Build.0 = Release|Any CPU
	EndGlobalSection
	GlobalSection(SolutionProperties) = preSolution
		HideSolutionNode = FALSE
	EndGlobalSection
	GlobalSection(ExtensibilityGlobals) = postSolution
		SolutionGuid = {BA396612-5DA6-4245-807F-AF9FCF1A53A1}
	EndGlobalSection
EndGlobal
