
Microsoft Visual Studio Solution File, Format Version 12.00
# Visual Studio Version 17
VisualStudioVersion = 17.11.35312.102
MinimumVisualStudioVersion = 10.0.40219.1
Project("{FAE04EC0-301F-11D3-BF4B-00C04F79EFBC}") = "TELPOSTAStaff", "TELPOSTAStaff\TELPOSTAStaff.csproj", "{839DFEEF-721C-41F0-8BFE-8EA46656EEBC}"
EndProject
Global
	GlobalSection(SolutionConfigurationPlatforms) = preSolution
		Debug|Any CPU = Debug|Any CPU
		Release|Any CPU = Release|Any CPU
	EndGlobalSection
	GlobalSection(ProjectConfigurationPlatforms) = postSolution
		{839DFEEF-721C-41F0-8BFE-8EA46656EEBC}.Debug|Any CPU.ActiveCfg = Debug|Any CPU
		{839DFEEF-721C-41F0-8BFE-8EA46656EEBC}.Debug|Any CPU.Build.0 = Debug|Any CPU
		{839DFEEF-721C-41F0-8BFE-8EA46656EEBC}.Release|Any CPU.ActiveCfg = Release|Any CPU
		{839DFEEF-721C-41F0-8BFE-8EA46656EEBC}.Release|Any CPU.Build.0 = Release|Any CPU
	EndGlobalSection
	GlobalSection(SolutionProperties) = preSolution
		HideSolutionNode = FALSE
	EndGlobalSection
	GlobalSection(ExtensibilityGlobals) = postSolution
		SolutionGuid = {C1D3183B-6ABE-4BA8-A922-26308FB71AA0}
	EndGlobalSection
EndGlobal
